
Microsoft Visual Studio Solution File, Format Version 12.00
# Visual Studio Version 17
VisualStudioVersion = 17.8.34511.84
MinimumVisualStudioVersion = 10.0.40219.1
Project("{8BC9CEB8-8B4A-11D0-8D11-00A0C91BC942}") = "Fisf_project", "Fisf_project\Fisf_project.vcxproj", "{28500BE1-1C86-4A10-BE99-92829732CCCE}"
EndProject
Global
	GlobalSection(SolutionConfigurationPlatforms) = preSolution
		Debug|x64 = Debug|x64
		Debug|x86 = Debug|x86
		Release|x64 = Release|x64
		Release|x86 = Release|x86
	EndGlobalSection
	GlobalSection(ProjectConfigurationPlatforms) = postSolution
		{28500BE1-1C86-4A10-BE99-92829732CCCE}.Debug|x64.ActiveCfg = Debug|x64
		{28500BE1-1C86-4A10-BE99-92829732CCCE}.Debug|x64.Build.0 = Debug|x64
		{28500BE1-1C86-4A10-BE99-92829732CCCE}.Debug|x86.ActiveCfg = Debug|Win32
		{28500BE1-1C86-4A10-BE99-92829732CCCE}.Debug|x86.Build.0 = Debug|Win32
		{28500BE1-1C86-4A10-BE99-92829732CCCE}.Release|x64.ActiveCfg = Release|x64
		{28500BE1-1C86-4A10-BE99-92829732CCCE}.Release|x64.Build.0 = Release|x64
		{28500BE1-1C86-4A10-BE99-92829732CCCE}.Release|x86.ActiveCfg = Release|Win32
		{28500BE1-1C86-4A10-BE99-92829732CCCE}.Release|x86.Build.0 = Release|Win32
	EndGlobalSection
	GlobalSection(SolutionProperties) = preSolution
		HideSolutionNode = FALSE
	EndGlobalSection
	GlobalSection(ExtensibilityGlobals) = postSolution
		SolutionGuid = {CD680B03-40D3-4838-A366-3989C0C66EBE}
	EndGlobalSection
EndGlobal
